
Microsoft Visual Studio Solution File, Format Version 12.00
# Visual Studio Version 17
VisualStudioVersion = 17.8.34525.116
MinimumVisualStudioVersion = 10.0.40219.1
Project("{9A19103F-16F7-4668-BE54-9A1E7A4F7556}") = "DatalakeApp", "DatalakeApp\DatalakeApp.csproj", "{B78B7FDA-DB88-42DD-A640-13419342F483}"
EndProject
Project("{FAE04EC0-301F-11D3-BF4B-00C04F79EFBC}") = "DatalakeDb", "DatalakeDb\DatalakeDb.csproj", "{66C6FACE-4230-4FCA-B309-87965B6C9CA8}"
EndProject
Global
	GlobalSection(SolutionConfigurationPlatforms) = preSolution
		Debug|Any CPU = Debug|Any CPU
		Release|Any CPU = Release|Any CPU
	EndGlobalSection
	GlobalSection(ProjectConfigurationPlatforms) = postSolution
		{B78B7FDA-DB88-42DD-A640-13419342F483}.Debug|Any CPU.ActiveCfg = Debug|Any CPU
		{B78B7FDA-DB88-42DD-A640-13419342F483}.Debug|Any CPU.Build.0 = Debug|Any CPU
		{B78B7FDA-DB88-42DD-A640-13419342F483}.Release|Any CPU.ActiveCfg = Release|Any CPU
		{B78B7FDA-DB88-42DD-A640-13419342F483}.Release|Any CPU.Build.0 = Release|Any CPU
		{66C6FACE-4230-4FCA-B309-87965B6C9CA8}.Debug|Any CPU.ActiveCfg = Debug|Any CPU
		{66C6FACE-4230-4FCA-B309-87965B6C9CA8}.Debug|Any CPU.Build.0 = Debug|Any CPU
		{66C6FACE-4230-4FCA-B309-87965B6C9CA8}.Release|Any CPU.ActiveCfg = Release|Any CPU
		{66C6FACE-4230-4FCA-B309-87965B6C9CA8}.Release|Any CPU.Build.0 = Release|Any CPU
	EndGlobalSection
	GlobalSection(SolutionProperties) = preSolution
		HideSolutionNode = FALSE
	EndGlobalSection
	GlobalSection(ExtensibilityGlobals) = postSolution
		SolutionGuid = {9312F473-2225-4A14-88C3-2EF8A95D1FAF}
	EndGlobalSection
EndGlobal
