
Microsoft Visual Studio Solution File, Format Version 12.00
# Visual Studio Version 17
VisualStudioVersion = 17.4.33213.308
MinimumVisualStudioVersion = 10.0.40219.1
Project("{FAE04EC0-301F-11D3-BF4B-00C04F79EFBC}") = "iNOPC_Server", "iNOPC\iNOPC_Server\iNOPC_Server.csproj", "{01FD46C0-4CD5-4573-BE2F-6BD84E88892A}"
EndProject
Project("{FAE04EC0-301F-11D3-BF4B-00C04F79EFBC}") = "iNOPC_Library", "iNOPC\iNOPC_Library\iNOPC_Library.csproj", "{8676C42D-6751-4A67-BC23-00484BBD60CB}"
EndProject
Project("{2150E333-8FDC-42A3-9474-1A3956D46DE8}") = "Drivers", "Drivers", "{824C3B9C-C897-4A5A-92B0-0433E143D67F}"
EndProject
Project("{FAE04EC0-301F-11D3-BF4B-00C04F79EFBC}") = "APC", "iNOPC\Drivers\APC_UPS\APC.csproj", "{A6FA8A77-9906-427B-A261-26843DD4C66D}"
EndProject
Project("{FAE04EC0-301F-11D3-BF4B-00C04F79EFBC}") = "ECOM_3000", "iNOPC\Drivers\ECOM_3000\ECOM_3000.csproj", "{04FDEB0E-2411-4AA8-9CBF-86A244AEC43E}"
EndProject
Project("{FAE04EC0-301F-11D3-BF4B-00C04F79EFBC}") = "INELT", "iNOPC\Drivers\INELT\INELT.csproj", "{6046094B-C212-4295-BA85-03772D24AF90}"
EndProject
Project("{FAE04EC0-301F-11D3-BF4B-00C04F79EFBC}") = "MARK_602", "iNOPC\Drivers\MARK_602\MARK_602.csproj", "{6875FA21-28DC-4DF5-BE2C-552D558FBC5C}"
EndProject
Project("{FAE04EC0-301F-11D3-BF4B-00C04F79EFBC}") = "MARK_902", "iNOPC\Drivers\MARK_902\MARK_902.csproj", "{1C08A5BB-A443-4BD0-9882-C68E1C077627}"
EndProject
Project("{FAE04EC0-301F-11D3-BF4B-00C04F79EFBC}") = "METRAN_900", "iNOPC\Drivers\METRAN_900\METRAN_900.csproj", "{76484B25-6C01-4FEF-90BF-DC3974EFBC46}"
EndProject
Project("{FAE04EC0-301F-11D3-BF4B-00C04F79EFBC}") = "SOSNA_002", "iNOPC\Drivers\SOSNA_002\SOSNA_002.csproj", "{62BC7A44-2EEC-4E97-9C90-37687D7FAC94}"
EndProject
Project("{FAE04EC0-301F-11D3-BF4B-00C04F79EFBC}") = "MODBUS_RTU", "iNOPC\Drivers\MODBUS_RTU\MODBUS_RTU.csproj", "{E1D4A171-0916-40DC-9D49-305EEB49C081}"
EndProject
Project("{FAE04EC0-301F-11D3-BF4B-00C04F79EFBC}") = "MODBUS_TCP", "iNOPC\Drivers\MODBUS_TCP\MODBUS_TCP.csproj", "{2C3616C1-0C72-4913-B655-B44968C5085D}"
EndProject
Project("{FAE04EC0-301F-11D3-BF4B-00C04F79EFBC}") = "IEC_104", "iNOPC\Drivers\IEC_104\IEC_104.csproj", "{E7290E24-0DC6-441B-B8D8-17515599852D}"
EndProject
Project("{FAE04EC0-301F-11D3-BF4B-00C04F79EFBC}") = "MODBUS_RTU_over_TCP", "iNOPC\Drivers\MODBUS_RTU_over_TCP\MODBUS_RTU_over_TCP.csproj", "{90779425-2725-4BB0-8781-C899E796AE02}"
EndProject
Project("{FAE04EC0-301F-11D3-BF4B-00C04F79EFBC}") = "Elemer_IRT5501M1", "iNOPC\Drivers\Elemer_IRT5501M1\Elemer_IRT5501M1.csproj", "{C317F39D-585B-4055-B2E7-5CDFA3D5F1FF}"
EndProject
Project("{FAE04EC0-301F-11D3-BF4B-00C04F79EFBC}") = "GranEnergo_CC101", "iNOPC\Drivers\GranEnergo_CC101\GranEnergo_CC101.csproj", "{1632E382-6155-4538-8522-78FE7FA97C5C}"
EndProject
Project("{FAE04EC0-301F-11D3-BF4B-00C04F79EFBC}") = "TestDriver", "iNOPC\Drivers\TestDriver\TestDriver.csproj", "{2CE7BA1F-B54F-454A-92C1-31FE035D571C}"
EndProject
Project("{FAE04EC0-301F-11D3-BF4B-00C04F79EFBC}") = "Energomera_CE102", "iNOPC\Drivers\Energomera_CE102\Energomera_CE102.csproj", "{AD731868-9A28-438A-A640-EC25B3921591}"
EndProject
Project("{FAE04EC0-301F-11D3-BF4B-00C04F79EFBC}") = "iNOPC_Keygen", "iNOPC\iNOPC_Keygen\iNOPC_Keygen.csproj", "{2A5E3649-406F-4D49-A92C-C6FE39222E13}"
EndProject
Project("{FAE04EC0-301F-11D3-BF4B-00C04F79EFBC}") = "PowerCounters", "iNOPC\Drivers\PowerCounters\PowerCounters.csproj", "{F81AD4E6-2262-42BE-96F8-CA8E89A105D9}"
EndProject
Project("{FAE04EC0-301F-11D3-BF4B-00C04F79EFBC}") = "IstokTM2", "iNOPC\Drivers\IstokTM2\IstokTM2.csproj", "{B988AD0B-3644-4F90-80D0-E039199ACDBA}"
EndProject
Project("{FAE04EC0-301F-11D3-BF4B-00C04F79EFBC}") = "NB_IoT", "iNOPC\Drivers\NB_IoT\NB_IoT.csproj", "{CBAE0BDC-805D-4F30-91F8-F60957B8D005}"
EndProject
Project("{FAE04EC0-301F-11D3-BF4B-00C04F79EFBC}") = "SmartMetering", "iNOPC\Drivers\SmartMetering\SmartMetering.csproj", "{D5911759-8A1B-4A1B-9659-54FB24563F3B}"
EndProject
Project("{FAE04EC0-301F-11D3-BF4B-00C04F79EFBC}") = "ASK_Binary", "iNOPC\Drivers\ASK_Binary\ASK_Binary.csproj", "{52F87991-A146-4D68-8B1C-2084F2F7DCE8}"
EndProject
Project("{FAE04EC0-301F-11D3-BF4B-00C04F79EFBC}") = "TEM_104", "iNOPC\Drivers\TEM_104\TEM_104.csproj", "{0AABDD94-060A-4E28-9B3E-B6E47E40BB69}"
EndProject
Project("{FAE04EC0-301F-11D3-BF4B-00C04F79EFBC}") = "SKU_02", "iNOPC\Drivers\SKU_02\SKU_02.csproj", "{8321FE17-5E0A-4423-936A-3D29912621C7}"
EndProject
Project("{FAE04EC0-301F-11D3-BF4B-00C04F79EFBC}") = "Energomera_CE301_ver12", "iNOPC\Drivers\Energomera_CE301_ver12\Energomera_CE301_ver12.csproj", "{8E3228A9-9D32-49DA-A111-3ED5FF079832}"
EndProject
Project("{FAE04EC0-301F-11D3-BF4B-00C04F79EFBC}") = "Datalake", "Datalake\Datalake\Datalake.csproj", "{79524D3B-7A2D-427C-98D3-FF972D3EABBF}"
EndProject
Project("{54A90642-561A-4BB1-A94E-469ADEE60C69}") = "datalakeclient", "Datalake\DatalakeClient\datalakeclient.esproj", "{BA012892-CFBB-4210-B551-6A42611BD14C}"
EndProject
Project("{FAE04EC0-301F-11D3-BF4B-00C04F79EFBC}") = "Sql", "iNOPC\Drivers\Sql\Sql.csproj", "{080FBC65-95EE-43E3-AE82-927082A816D0}"
EndProject
Project("{2150E333-8FDC-42A3-9474-1A3956D46DE8}") = "iNOPC", "iNOPC", "{B60CEF43-2D57-4AFE-B978-959D9D9D77C2}"
EndProject
Project("{2150E333-8FDC-42A3-9474-1A3956D46DE8}") = "Datalake", "Datalake", "{192A15CD-4E96-466B-95F6-E70AEAC39259}"
EndProject
Global
	GlobalSection(SolutionConfigurationPlatforms) = preSolution
		Debug|Any CPU = Debug|Any CPU
		Local|Any CPU = Local|Any CPU
		Release|Any CPU = Release|Any CPU
	EndGlobalSection
	GlobalSection(ProjectConfigurationPlatforms) = postSolution
		{01FD46C0-4CD5-4573-BE2F-6BD84E88892A}.Debug|Any CPU.ActiveCfg = Debug|Any CPU
		{01FD46C0-4CD5-4573-BE2F-6BD84E88892A}.Debug|Any CPU.Build.0 = Debug|Any CPU
		{01FD46C0-4CD5-4573-BE2F-6BD84E88892A}.Local|Any CPU.ActiveCfg = Local|Any CPU
		{01FD46C0-4CD5-4573-BE2F-6BD84E88892A}.Local|Any CPU.Build.0 = Local|Any CPU
		{01FD46C0-4CD5-4573-BE2F-6BD84E88892A}.Release|Any CPU.ActiveCfg = Release|Any CPU
		{01FD46C0-4CD5-4573-BE2F-6BD84E88892A}.Release|Any CPU.Build.0 = Release|Any CPU
		{8676C42D-6751-4A67-BC23-00484BBD60CB}.Debug|Any CPU.ActiveCfg = Debug|Any CPU
		{8676C42D-6751-4A67-BC23-00484BBD60CB}.Debug|Any CPU.Build.0 = Debug|Any CPU
		{8676C42D-6751-4A67-BC23-00484BBD60CB}.Local|Any CPU.ActiveCfg = Local|Any CPU
		{8676C42D-6751-4A67-BC23-00484BBD60CB}.Local|Any CPU.Build.0 = Local|Any CPU
		{8676C42D-6751-4A67-BC23-00484BBD60CB}.Release|Any CPU.ActiveCfg = Release|Any CPU
		{8676C42D-6751-4A67-BC23-00484BBD60CB}.Release|Any CPU.Build.0 = Release|Any CPU
		{A6FA8A77-9906-427B-A261-26843DD4C66D}.Debug|Any CPU.ActiveCfg = Debug|Any CPU
		{A6FA8A77-9906-427B-A261-26843DD4C66D}.Debug|Any CPU.Build.0 = Debug|Any CPU
		{A6FA8A77-9906-427B-A261-26843DD4C66D}.Local|Any CPU.ActiveCfg = Local|Any CPU
		{A6FA8A77-9906-427B-A261-26843DD4C66D}.Local|Any CPU.Build.0 = Local|Any CPU
		{A6FA8A77-9906-427B-A261-26843DD4C66D}.Release|Any CPU.ActiveCfg = Release|Any CPU
		{A6FA8A77-9906-427B-A261-26843DD4C66D}.Release|Any CPU.Build.0 = Release|Any CPU
		{04FDEB0E-2411-4AA8-9CBF-86A244AEC43E}.Debug|Any CPU.ActiveCfg = Debug|Any CPU
		{04FDEB0E-2411-4AA8-9CBF-86A244AEC43E}.Debug|Any CPU.Build.0 = Debug|Any CPU
		{04FDEB0E-2411-4AA8-9CBF-86A244AEC43E}.Local|Any CPU.ActiveCfg = Local|Any CPU
		{04FDEB0E-2411-4AA8-9CBF-86A244AEC43E}.Local|Any CPU.Build.0 = Local|Any CPU
		{04FDEB0E-2411-4AA8-9CBF-86A244AEC43E}.Release|Any CPU.ActiveCfg = Release|Any CPU
		{04FDEB0E-2411-4AA8-9CBF-86A244AEC43E}.Release|Any CPU.Build.0 = Release|Any CPU
		{6046094B-C212-4295-BA85-03772D24AF90}.Debug|Any CPU.ActiveCfg = Debug|Any CPU
		{6046094B-C212-4295-BA85-03772D24AF90}.Debug|Any CPU.Build.0 = Debug|Any CPU
		{6046094B-C212-4295-BA85-03772D24AF90}.Local|Any CPU.ActiveCfg = Local|Any CPU
		{6046094B-C212-4295-BA85-03772D24AF90}.Local|Any CPU.Build.0 = Local|Any CPU
		{6046094B-C212-4295-BA85-03772D24AF90}.Release|Any CPU.ActiveCfg = Release|Any CPU
		{6046094B-C212-4295-BA85-03772D24AF90}.Release|Any CPU.Build.0 = Release|Any CPU
		{6875FA21-28DC-4DF5-BE2C-552D558FBC5C}.Debug|Any CPU.ActiveCfg = Debug|Any CPU
		{6875FA21-28DC-4DF5-BE2C-552D558FBC5C}.Debug|Any CPU.Build.0 = Debug|Any CPU
		{6875FA21-28DC-4DF5-BE2C-552D558FBC5C}.Local|Any CPU.ActiveCfg = Local|Any CPU
		{6875FA21-28DC-4DF5-BE2C-552D558FBC5C}.Local|Any CPU.Build.0 = Local|Any CPU
		{6875FA21-28DC-4DF5-BE2C-552D558FBC5C}.Release|Any CPU.ActiveCfg = Release|Any CPU
		{6875FA21-28DC-4DF5-BE2C-552D558FBC5C}.Release|Any CPU.Build.0 = Release|Any CPU
		{1C08A5BB-A443-4BD0-9882-C68E1C077627}.Debug|Any CPU.ActiveCfg = Debug|Any CPU
		{1C08A5BB-A443-4BD0-9882-C68E1C077627}.Debug|Any CPU.Build.0 = Debug|Any CPU
		{1C08A5BB-A443-4BD0-9882-C68E1C077627}.Local|Any CPU.ActiveCfg = Local|Any CPU
		{1C08A5BB-A443-4BD0-9882-C68E1C077627}.Local|Any CPU.Build.0 = Local|Any CPU
		{1C08A5BB-A443-4BD0-9882-C68E1C077627}.Release|Any CPU.ActiveCfg = Release|Any CPU
		{1C08A5BB-A443-4BD0-9882-C68E1C077627}.Release|Any CPU.Build.0 = Release|Any CPU
		{76484B25-6C01-4FEF-90BF-DC3974EFBC46}.Debug|Any CPU.ActiveCfg = Debug|Any CPU
		{76484B25-6C01-4FEF-90BF-DC3974EFBC46}.Debug|Any CPU.Build.0 = Debug|Any CPU
		{76484B25-6C01-4FEF-90BF-DC3974EFBC46}.Local|Any CPU.ActiveCfg = Local|Any CPU
		{76484B25-6C01-4FEF-90BF-DC3974EFBC46}.Local|Any CPU.Build.0 = Local|Any CPU
		{76484B25-6C01-4FEF-90BF-DC3974EFBC46}.Release|Any CPU.ActiveCfg = Release|Any CPU
		{76484B25-6C01-4FEF-90BF-DC3974EFBC46}.Release|Any CPU.Build.0 = Release|Any CPU
		{62BC7A44-2EEC-4E97-9C90-37687D7FAC94}.Debug|Any CPU.ActiveCfg = Debug|Any CPU
		{62BC7A44-2EEC-4E97-9C90-37687D7FAC94}.Debug|Any CPU.Build.0 = Debug|Any CPU
		{62BC7A44-2EEC-4E97-9C90-37687D7FAC94}.Local|Any CPU.ActiveCfg = Local|Any CPU
		{62BC7A44-2EEC-4E97-9C90-37687D7FAC94}.Local|Any CPU.Build.0 = Local|Any CPU
		{62BC7A44-2EEC-4E97-9C90-37687D7FAC94}.Release|Any CPU.ActiveCfg = Release|Any CPU
		{62BC7A44-2EEC-4E97-9C90-37687D7FAC94}.Release|Any CPU.Build.0 = Release|Any CPU
		{E1D4A171-0916-40DC-9D49-305EEB49C081}.Debug|Any CPU.ActiveCfg = Debug|Any CPU
		{E1D4A171-0916-40DC-9D49-305EEB49C081}.Debug|Any CPU.Build.0 = Debug|Any CPU
		{E1D4A171-0916-40DC-9D49-305EEB49C081}.Local|Any CPU.ActiveCfg = Local|Any CPU
		{E1D4A171-0916-40DC-9D49-305EEB49C081}.Local|Any CPU.Build.0 = Local|Any CPU
		{E1D4A171-0916-40DC-9D49-305EEB49C081}.Release|Any CPU.ActiveCfg = Release|Any CPU
		{E1D4A171-0916-40DC-9D49-305EEB49C081}.Release|Any CPU.Build.0 = Release|Any CPU
		{2C3616C1-0C72-4913-B655-B44968C5085D}.Debug|Any CPU.ActiveCfg = Debug|Any CPU
		{2C3616C1-0C72-4913-B655-B44968C5085D}.Debug|Any CPU.Build.0 = Debug|Any CPU
		{2C3616C1-0C72-4913-B655-B44968C5085D}.Local|Any CPU.ActiveCfg = Local|Any CPU
		{2C3616C1-0C72-4913-B655-B44968C5085D}.Local|Any CPU.Build.0 = Local|Any CPU
		{2C3616C1-0C72-4913-B655-B44968C5085D}.Release|Any CPU.ActiveCfg = Release|Any CPU
		{2C3616C1-0C72-4913-B655-B44968C5085D}.Release|Any CPU.Build.0 = Release|Any CPU
		{E7290E24-0DC6-441B-B8D8-17515599852D}.Debug|Any CPU.ActiveCfg = Debug|Any CPU
		{E7290E24-0DC6-441B-B8D8-17515599852D}.Debug|Any CPU.Build.0 = Debug|Any CPU
		{E7290E24-0DC6-441B-B8D8-17515599852D}.Local|Any CPU.ActiveCfg = Local|Any CPU
		{E7290E24-0DC6-441B-B8D8-17515599852D}.Local|Any CPU.Build.0 = Local|Any CPU
		{E7290E24-0DC6-441B-B8D8-17515599852D}.Release|Any CPU.ActiveCfg = Release|Any CPU
		{E7290E24-0DC6-441B-B8D8-17515599852D}.Release|Any CPU.Build.0 = Release|Any CPU
		{90779425-2725-4BB0-8781-C899E796AE02}.Debug|Any CPU.ActiveCfg = Debug|Any CPU
		{90779425-2725-4BB0-8781-C899E796AE02}.Debug|Any CPU.Build.0 = Debug|Any CPU
		{90779425-2725-4BB0-8781-C899E796AE02}.Local|Any CPU.ActiveCfg = Local|Any CPU
		{90779425-2725-4BB0-8781-C899E796AE02}.Local|Any CPU.Build.0 = Local|Any CPU
		{90779425-2725-4BB0-8781-C899E796AE02}.Release|Any CPU.ActiveCfg = Release|Any CPU
		{90779425-2725-4BB0-8781-C899E796AE02}.Release|Any CPU.Build.0 = Release|Any CPU
		{C317F39D-585B-4055-B2E7-5CDFA3D5F1FF}.Debug|Any CPU.ActiveCfg = Debug|Any CPU
		{C317F39D-585B-4055-B2E7-5CDFA3D5F1FF}.Debug|Any CPU.Build.0 = Debug|Any CPU
		{C317F39D-585B-4055-B2E7-5CDFA3D5F1FF}.Local|Any CPU.ActiveCfg = Local|Any CPU
		{C317F39D-585B-4055-B2E7-5CDFA3D5F1FF}.Local|Any CPU.Build.0 = Local|Any CPU
		{C317F39D-585B-4055-B2E7-5CDFA3D5F1FF}.Release|Any CPU.ActiveCfg = Release|Any CPU
		{C317F39D-585B-4055-B2E7-5CDFA3D5F1FF}.Release|Any CPU.Build.0 = Release|Any CPU
		{1632E382-6155-4538-8522-78FE7FA97C5C}.Debug|Any CPU.ActiveCfg = Debug|Any CPU
		{1632E382-6155-4538-8522-78FE7FA97C5C}.Debug|Any CPU.Build.0 = Debug|Any CPU
		{1632E382-6155-4538-8522-78FE7FA97C5C}.Local|Any CPU.ActiveCfg = Local|Any CPU
		{1632E382-6155-4538-8522-78FE7FA97C5C}.Local|Any CPU.Build.0 = Local|Any CPU
		{1632E382-6155-4538-8522-78FE7FA97C5C}.Release|Any CPU.ActiveCfg = Release|Any CPU
		{1632E382-6155-4538-8522-78FE7FA97C5C}.Release|Any CPU.Build.0 = Release|Any CPU
		{2CE7BA1F-B54F-454A-92C1-31FE035D571C}.Debug|Any CPU.ActiveCfg = Debug|Any CPU
		{2CE7BA1F-B54F-454A-92C1-31FE035D571C}.Debug|Any CPU.Build.0 = Debug|Any CPU
		{2CE7BA1F-B54F-454A-92C1-31FE035D571C}.Local|Any CPU.ActiveCfg = Local|Any CPU
		{2CE7BA1F-B54F-454A-92C1-31FE035D571C}.Local|Any CPU.Build.0 = Local|Any CPU
		{2CE7BA1F-B54F-454A-92C1-31FE035D571C}.Release|Any CPU.ActiveCfg = Release|Any CPU
		{2CE7BA1F-B54F-454A-92C1-31FE035D571C}.Release|Any CPU.Build.0 = Release|Any CPU
		{AD731868-9A28-438A-A640-EC25B3921591}.Debug|Any CPU.ActiveCfg = Debug|Any CPU
		{AD731868-9A28-438A-A640-EC25B3921591}.Debug|Any CPU.Build.0 = Debug|Any CPU
		{AD731868-9A28-438A-A640-EC25B3921591}.Local|Any CPU.ActiveCfg = Local|Any CPU
		{AD731868-9A28-438A-A640-EC25B3921591}.Local|Any CPU.Build.0 = Local|Any CPU
		{AD731868-9A28-438A-A640-EC25B3921591}.Release|Any CPU.ActiveCfg = Release|Any CPU
		{AD731868-9A28-438A-A640-EC25B3921591}.Release|Any CPU.Build.0 = Release|Any CPU
		{2A5E3649-406F-4D49-A92C-C6FE39222E13}.Debug|Any CPU.ActiveCfg = Debug|Any CPU
		{2A5E3649-406F-4D49-A92C-C6FE39222E13}.Debug|Any CPU.Build.0 = Debug|Any CPU
		{2A5E3649-406F-4D49-A92C-C6FE39222E13}.Local|Any CPU.ActiveCfg = Local|Any CPU
		{2A5E3649-406F-4D49-A92C-C6FE39222E13}.Local|Any CPU.Build.0 = Local|Any CPU
		{2A5E3649-406F-4D49-A92C-C6FE39222E13}.Release|Any CPU.ActiveCfg = Release|Any CPU
		{2A5E3649-406F-4D49-A92C-C6FE39222E13}.Release|Any CPU.Build.0 = Release|Any CPU
		{F81AD4E6-2262-42BE-96F8-CA8E89A105D9}.Debug|Any CPU.ActiveCfg = Debug|Any CPU
		{F81AD4E6-2262-42BE-96F8-CA8E89A105D9}.Debug|Any CPU.Build.0 = Debug|Any CPU
		{F81AD4E6-2262-42BE-96F8-CA8E89A105D9}.Local|Any CPU.ActiveCfg = Release|Any CPU
		{F81AD4E6-2262-42BE-96F8-CA8E89A105D9}.Local|Any CPU.Build.0 = Release|Any CPU
		{F81AD4E6-2262-42BE-96F8-CA8E89A105D9}.Release|Any CPU.ActiveCfg = Release|Any CPU
		{F81AD4E6-2262-42BE-96F8-CA8E89A105D9}.Release|Any CPU.Build.0 = Release|Any CPU
		{B988AD0B-3644-4F90-80D0-E039199ACDBA}.Debug|Any CPU.ActiveCfg = Debug|Any CPU
		{B988AD0B-3644-4F90-80D0-E039199ACDBA}.Debug|Any CPU.Build.0 = Debug|Any CPU
		{B988AD0B-3644-4F90-80D0-E039199ACDBA}.Local|Any CPU.ActiveCfg = Release|Any CPU
		{B988AD0B-3644-4F90-80D0-E039199ACDBA}.Local|Any CPU.Build.0 = Release|Any CPU
		{B988AD0B-3644-4F90-80D0-E039199ACDBA}.Release|Any CPU.ActiveCfg = Release|Any CPU
		{B988AD0B-3644-4F90-80D0-E039199ACDBA}.Release|Any CPU.Build.0 = Release|Any CPU
		{CBAE0BDC-805D-4F30-91F8-F60957B8D005}.Debug|Any CPU.ActiveCfg = Debug|Any CPU
		{CBAE0BDC-805D-4F30-91F8-F60957B8D005}.Debug|Any CPU.Build.0 = Debug|Any CPU
		{CBAE0BDC-805D-4F30-91F8-F60957B8D005}.Local|Any CPU.ActiveCfg = Release|Any CPU
		{CBAE0BDC-805D-4F30-91F8-F60957B8D005}.Local|Any CPU.Build.0 = Release|Any CPU
		{CBAE0BDC-805D-4F30-91F8-F60957B8D005}.Release|Any CPU.ActiveCfg = Release|Any CPU
		{CBAE0BDC-805D-4F30-91F8-F60957B8D005}.Release|Any CPU.Build.0 = Release|Any CPU
		{D5911759-8A1B-4A1B-9659-54FB24563F3B}.Debug|Any CPU.ActiveCfg = Debug|Any CPU
		{D5911759-8A1B-4A1B-9659-54FB24563F3B}.Debug|Any CPU.Build.0 = Debug|Any CPU
		{D5911759-8A1B-4A1B-9659-54FB24563F3B}.Local|Any CPU.ActiveCfg = Release|Any CPU
		{D5911759-8A1B-4A1B-9659-54FB24563F3B}.Local|Any CPU.Build.0 = Release|Any CPU
		{D5911759-8A1B-4A1B-9659-54FB24563F3B}.Release|Any CPU.ActiveCfg = Release|Any CPU
		{D5911759-8A1B-4A1B-9659-54FB24563F3B}.Release|Any CPU.Build.0 = Release|Any CPU
		{52F87991-A146-4D68-8B1C-2084F2F7DCE8}.Debug|Any CPU.ActiveCfg = Debug|Any CPU
		{52F87991-A146-4D68-8B1C-2084F2F7DCE8}.Debug|Any CPU.Build.0 = Debug|Any CPU
		{52F87991-A146-4D68-8B1C-2084F2F7DCE8}.Local|Any CPU.ActiveCfg = Release|Any CPU
		{52F87991-A146-4D68-8B1C-2084F2F7DCE8}.Local|Any CPU.Build.0 = Release|Any CPU
		{52F87991-A146-4D68-8B1C-2084F2F7DCE8}.Release|Any CPU.ActiveCfg = Release|Any CPU
		{52F87991-A146-4D68-8B1C-2084F2F7DCE8}.Release|Any CPU.Build.0 = Release|Any CPU
		{0AABDD94-060A-4E28-9B3E-B6E47E40BB69}.Debug|Any CPU.ActiveCfg = Debug|Any CPU
		{0AABDD94-060A-4E28-9B3E-B6E47E40BB69}.Debug|Any CPU.Build.0 = Debug|Any CPU
		{0AABDD94-060A-4E28-9B3E-B6E47E40BB69}.Local|Any CPU.ActiveCfg = Release|Any CPU
		{0AABDD94-060A-4E28-9B3E-B6E47E40BB69}.Local|Any CPU.Build.0 = Release|Any CPU
		{0AABDD94-060A-4E28-9B3E-B6E47E40BB69}.Release|Any CPU.ActiveCfg = Release|Any CPU
		{0AABDD94-060A-4E28-9B3E-B6E47E40BB69}.Release|Any CPU.Build.0 = Release|Any CPU
		{8321FE17-5E0A-4423-936A-3D29912621C7}.Debug|Any CPU.ActiveCfg = Debug|Any CPU
		{8321FE17-5E0A-4423-936A-3D29912621C7}.Debug|Any CPU.Build.0 = Debug|Any CPU
		{8321FE17-5E0A-4423-936A-3D29912621C7}.Local|Any CPU.ActiveCfg = Release|Any CPU
		{8321FE17-5E0A-4423-936A-3D29912621C7}.Local|Any CPU.Build.0 = Release|Any CPU
		{8321FE17-5E0A-4423-936A-3D29912621C7}.Release|Any CPU.ActiveCfg = Release|Any CPU
		{8321FE17-5E0A-4423-936A-3D29912621C7}.Release|Any CPU.Build.0 = Release|Any CPU
		{8E3228A9-9D32-49DA-A111-3ED5FF079832}.Debug|Any CPU.ActiveCfg = Debug|Any CPU
		{8E3228A9-9D32-49DA-A111-3ED5FF079832}.Debug|Any CPU.Build.0 = Debug|Any CPU
		{8E3228A9-9D32-49DA-A111-3ED5FF079832}.Local|Any CPU.ActiveCfg = Release|Any CPU
		{8E3228A9-9D32-49DA-A111-3ED5FF079832}.Local|Any CPU.Build.0 = Release|Any CPU
		{8E3228A9-9D32-49DA-A111-3ED5FF079832}.Release|Any CPU.ActiveCfg = Release|Any CPU
		{8E3228A9-9D32-49DA-A111-3ED5FF079832}.Release|Any CPU.Build.0 = Release|Any CPU
		{79524D3B-7A2D-427C-98D3-FF972D3EABBF}.Debug|Any CPU.ActiveCfg = Debug|Any CPU
		{79524D3B-7A2D-427C-98D3-FF972D3EABBF}.Debug|Any CPU.Build.0 = Debug|Any CPU
		{79524D3B-7A2D-427C-98D3-FF972D3EABBF}.Local|Any CPU.ActiveCfg = Release|Any CPU
		{79524D3B-7A2D-427C-98D3-FF972D3EABBF}.Local|Any CPU.Build.0 = Release|Any CPU
		{79524D3B-7A2D-427C-98D3-FF972D3EABBF}.Release|Any CPU.ActiveCfg = Release|Any CPU
		{79524D3B-7A2D-427C-98D3-FF972D3EABBF}.Release|Any CPU.Build.0 = Release|Any CPU
		{BA012892-CFBB-4210-B551-6A42611BD14C}.Debug|Any CPU.ActiveCfg = Debug|Any CPU
		{BA012892-CFBB-4210-B551-6A42611BD14C}.Debug|Any CPU.Build.0 = Debug|Any CPU
		{BA012892-CFBB-4210-B551-6A42611BD14C}.Debug|Any CPU.Deploy.0 = Debug|Any CPU
		{BA012892-CFBB-4210-B551-6A42611BD14C}.Local|Any CPU.ActiveCfg = Release|Any CPU
		{BA012892-CFBB-4210-B551-6A42611BD14C}.Local|Any CPU.Build.0 = Release|Any CPU
		{BA012892-CFBB-4210-B551-6A42611BD14C}.Local|Any CPU.Deploy.0 = Release|Any CPU
		{BA012892-CFBB-4210-B551-6A42611BD14C}.Release|Any CPU.ActiveCfg = Release|Any CPU
		{BA012892-CFBB-4210-B551-6A42611BD14C}.Release|Any CPU.Build.0 = Release|Any CPU
		{BA012892-CFBB-4210-B551-6A42611BD14C}.Release|Any CPU.Deploy.0 = Release|Any CPU
		{080FBC65-95EE-43E3-AE82-927082A816D0}.Debug|Any CPU.ActiveCfg = Debug|Any CPU
		{080FBC65-95EE-43E3-AE82-927082A816D0}.Debug|Any CPU.Build.0 = Debug|Any CPU
		{080FBC65-95EE-43E3-AE82-927082A816D0}.Local|Any CPU.ActiveCfg = Release|Any CPU
		{080FBC65-95EE-43E3-AE82-927082A816D0}.Local|Any CPU.Build.0 = Release|Any CPU
		{080FBC65-95EE-43E3-AE82-927082A816D0}.Release|Any CPU.ActiveCfg = Release|Any CPU
		{080FBC65-95EE-43E3-AE82-927082A816D0}.Release|Any CPU.Build.0 = Release|Any CPU
	EndGlobalSection
	GlobalSection(SolutionProperties) = preSolution
		HideSolutionNode = FALSE
	EndGlobalSection
	GlobalSection(NestedProjects) = preSolution
		{01FD46C0-4CD5-4573-BE2F-6BD84E88892A} = {B60CEF43-2D57-4AFE-B978-959D9D9D77C2}
		{8676C42D-6751-4A67-BC23-00484BBD60CB} = {B60CEF43-2D57-4AFE-B978-959D9D9D77C2}
		{824C3B9C-C897-4A5A-92B0-0433E143D67F} = {B60CEF43-2D57-4AFE-B978-959D9D9D77C2}
		{A6FA8A77-9906-427B-A261-26843DD4C66D} = {824C3B9C-C897-4A5A-92B0-0433E143D67F}
		{04FDEB0E-2411-4AA8-9CBF-86A244AEC43E} = {824C3B9C-C897-4A5A-92B0-0433E143D67F}
		{6046094B-C212-4295-BA85-03772D24AF90} = {824C3B9C-C897-4A5A-92B0-0433E143D67F}
		{6875FA21-28DC-4DF5-BE2C-552D558FBC5C} = {824C3B9C-C897-4A5A-92B0-0433E143D67F}
		{1C08A5BB-A443-4BD0-9882-C68E1C077627} = {824C3B9C-C897-4A5A-92B0-0433E143D67F}
		{76484B25-6C01-4FEF-90BF-DC3974EFBC46} = {824C3B9C-C897-4A5A-92B0-0433E143D67F}
		{62BC7A44-2EEC-4E97-9C90-37687D7FAC94} = {824C3B9C-C897-4A5A-92B0-0433E143D67F}
		{E1D4A171-0916-40DC-9D49-305EEB49C081} = {824C3B9C-C897-4A5A-92B0-0433E143D67F}
		{2C3616C1-0C72-4913-B655-B44968C5085D} = {824C3B9C-C897-4A5A-92B0-0433E143D67F}
		{E7290E24-0DC6-441B-B8D8-17515599852D} = {824C3B9C-C897-4A5A-92B0-0433E143D67F}
		{90779425-2725-4BB0-8781-C899E796AE02} = {824C3B9C-C897-4A5A-92B0-0433E143D67F}
		{C317F39D-585B-4055-B2E7-5CDFA3D5F1FF} = {824C3B9C-C897-4A5A-92B0-0433E143D67F}
		{1632E382-6155-4538-8522-78FE7FA97C5C} = {824C3B9C-C897-4A5A-92B0-0433E143D67F}
		{2CE7BA1F-B54F-454A-92C1-31FE035D571C} = {824C3B9C-C897-4A5A-92B0-0433E143D67F}
		{AD731868-9A28-438A-A640-EC25B3921591} = {824C3B9C-C897-4A5A-92B0-0433E143D67F}
		{2A5E3649-406F-4D49-A92C-C6FE39222E13} = {B60CEF43-2D57-4AFE-B978-959D9D9D77C2}
		{F81AD4E6-2262-42BE-96F8-CA8E89A105D9} = {824C3B9C-C897-4A5A-92B0-0433E143D67F}
		{B988AD0B-3644-4F90-80D0-E039199ACDBA} = {824C3B9C-C897-4A5A-92B0-0433E143D67F}
		{CBAE0BDC-805D-4F30-91F8-F60957B8D005} = {824C3B9C-C897-4A5A-92B0-0433E143D67F}
		{D5911759-8A1B-4A1B-9659-54FB24563F3B} = {824C3B9C-C897-4A5A-92B0-0433E143D67F}
		{52F87991-A146-4D68-8B1C-2084F2F7DCE8} = {824C3B9C-C897-4A5A-92B0-0433E143D67F}
		{0AABDD94-060A-4E28-9B3E-B6E47E40BB69} = {824C3B9C-C897-4A5A-92B0-0433E143D67F}
		{8321FE17-5E0A-4423-936A-3D29912621C7} = {824C3B9C-C897-4A5A-92B0-0433E143D67F}
		{8E3228A9-9D32-49DA-A111-3ED5FF079832} = {824C3B9C-C897-4A5A-92B0-0433E143D67F}
		{79524D3B-7A2D-427C-98D3-FF972D3EABBF} = {192A15CD-4E96-466B-95F6-E70AEAC39259}
		{BA012892-CFBB-4210-B551-6A42611BD14C} = {192A15CD-4E96-466B-95F6-E70AEAC39259}
		{080FBC65-95EE-43E3-AE82-927082A816D0} = {824C3B9C-C897-4A5A-92B0-0433E143D67F}
	EndGlobalSection
	GlobalSection(ExtensibilityGlobals) = postSolution
		SolutionGuid = {C0EA1C33-38D2-4707-81C3-B73ECDB3ABB3}
	EndGlobalSection
EndGlobal
