
Microsoft Visual Studio Solution File, Format Version 12.00
# Visual Studio Version 18
VisualStudioVersion = 18.0.11012.119
MinimumVisualStudioVersion = 10.0.40219.1
Project("{2150E333-8FDC-42A3-9474-1A3956D46DE8}") = "Solution Items", "Solution Items", "{1BB06F86-AA1C-4B26-A3C2-1974CCEEFCE1}"
	ProjectSection(SolutionItems) = preProject
		.editorconfig = .editorconfig
		.gitignore = .gitignore
		README.md = README.md
	EndProjectSection
EndProject
Project("{2150E333-8FDC-42A3-9474-1A3956D46DE8}") = "Services", "Services", "{CD18AFC1-8965-42AC-8CAA-AB89AB44A8EC}"
EndProject
Project("{E53339B2-1760-4266-BCC7-CA923CBCF16C}") = "docker-compose", "Docker\docker-compose.dcproj", "{0DABE406-FB4F-4501-805D-2F8AC54B2865}"
EndProject
Project("{2150E333-8FDC-42A3-9474-1A3956D46DE8}") = "ci", "ci", "{DD75365A-EF28-4160-9FE4-4EC5AE61306A}"
	ProjectSection(SolutionItems) = preProject
		.gitlab-ci.yml = .gitlab-ci.yml
		gitlab-ci\prod.yml = gitlab-ci\prod.yml
		gitlab-ci\test.yml = gitlab-ci\test.yml
	EndProjectSection
EndProject
Project("{2150E333-8FDC-42A3-9474-1A3956D46DE8}") = "Environment", "Environment", "{36D591C7-65C7-A0D1-1CBC-10CDE441BDC8}"
EndProject
Project("{FAE04EC0-301F-11D3-BF4B-00C04F79EFBC}") = "DataBackup", "Environment\DataBackup\DataBackup.csproj", "{07A4157C-E383-4D9C-8D87-8480AEA0C064}"
EndProject
Project("{FAE04EC0-301F-11D3-BF4B-00C04F79EFBC}") = "Data.Host", "Services\Data\Data.Host\Data.Host.csproj", "{DBA9600F-A1AB-45EB-AF3C-18EBFEF55782}"
EndProject
Project("{2150E333-8FDC-42A3-9474-1A3956D46DE8}") = "Contracts", "Contracts", "{F0115F19-D9F7-49D4-B4F1-6B004F680C24}"
EndProject
Project("{2150E333-8FDC-42A3-9474-1A3956D46DE8}") = "Docker", "Docker", "{77B64EB2-60C3-4E1F-8F55-4DC8CB4A4E1B}"
EndProject
Project("{FAE04EC0-301F-11D3-BF4B-00C04F79EFBC}") = "Events.Host", "Services\Events\Events.Host\Events.Host.csproj", "{2823FA30-F385-4D06-AD6A-6DEE490F97AD}"
EndProject
Project("{2150E333-8FDC-42A3-9474-1A3956D46DE8}") = "Gateway", "Gateway", "{E468E7B0-7721-43D3-B329-84DCFF55BFB1}"
EndProject
Project("{2150E333-8FDC-42A3-9474-1A3956D46DE8}") = "Clients", "Clients", "{2C23DD98-44C5-4BCC-B3A8-FEDE3B5913FC}"
EndProject
Project("{54A90642-561A-4BB1-A94E-469ADEE60C69}") = "Client", "Clients\datalake\Client.esproj", "{5F1F84CE-78FA-E604-FE90-CC94F8F6AA48}"
EndProject
Project("{2150E333-8FDC-42A3-9474-1A3956D46DE8}") = "Inventory", "Inventory", "{8E3195C3-FEA3-41D0-8284-76D1C92B222D}"
EndProject
Project("{FAE04EC0-301F-11D3-BF4B-00C04F79EFBC}") = "Inventory.Infrastructure", "Services\Inventory\Inventory.Infrastructure\Inventory.Infrastructure.csproj", "{B50678E1-3783-46EF-86FE-0863A9299C88}"
EndProject
Project("{FAE04EC0-301F-11D3-BF4B-00C04F79EFBC}") = "Inventory.Application", "Services\Inventory\Inventory.Application\Inventory.Application.csproj", "{5D079631-76A8-4A06-9AD1-694A706DEA56}"
EndProject
Project("{FAE04EC0-301F-11D3-BF4B-00C04F79EFBC}") = "Shared.Application", "Shared\Shared.Application\Shared.Application.csproj", "{985FDE96-6C25-4927-8964-51A9FA2EC6EC}"
EndProject
Project("{2150E333-8FDC-42A3-9474-1A3956D46DE8}") = "Shared", "Shared", "{8922C7C1-292F-419D-AB6D-8EA2334DA3EE}"
EndProject
Project("{FAE04EC0-301F-11D3-BF4B-00C04F79EFBC}") = "Shared.Infrastructure", "Shared\Shared.Infrastructure\Shared.Infrastructure.csproj", "{0B376075-7A89-4F7B-A892-FB94CD466E1C}"
EndProject
Project("{FAE04EC0-301F-11D3-BF4B-00C04F79EFBC}") = "Shared.Hosting", "Shared\Shared.Hosting\Shared.Hosting.csproj", "{2A23965C-19C3-45E1-BBCE-1C7A04C9EB34}"
EndProject
Project("{FAE04EC0-301F-11D3-BF4B-00C04F79EFBC}") = "Shared.Api", "Shared\Shared.Api\Shared.Api.csproj", "{0005B136-29C8-454A-B02A-E3D326FB26D8}"
EndProject
Project("{FAE04EC0-301F-11D3-BF4B-00C04F79EFBC}") = "Inventory.Host", "Services\Inventory\Inventory.Host\Inventory.Host.csproj", "{6FBD3F0E-142B-B151-D757-2A94352BD3F1}"
EndProject
Project("{FAE04EC0-301F-11D3-BF4B-00C04F79EFBC}") = "Inventory.Api", "Services\Inventory\Inventory.Api\Inventory.Api.csproj", "{B659B7F5-252B-446E-960D-14A9683D3F23}"
EndProject
Project("{2150E333-8FDC-42A3-9474-1A3956D46DE8}") = "Data", "Data", "{FAB5F32E-C2AF-416E-BA14-A5FA3C6C35C3}"
EndProject
Project("{FAE04EC0-301F-11D3-BF4B-00C04F79EFBC}") = "Data.Infrastructure", "Services\Data\Data.Infrastructure\Data.Infrastructure.csproj", "{CE57F339-8DD4-4AA1-A62E-FB208962B283}"
EndProject
Project("{FAE04EC0-301F-11D3-BF4B-00C04F79EFBC}") = "Domain", "Domain\Domain.csproj", "{4CDF6B94-1530-4E96-B5A5-107037188C11}"
EndProject
Project("{FAE04EC0-301F-11D3-BF4B-00C04F79EFBC}") = "Data.Api", "Services\Data\Data.Api\Data.Api.csproj", "{69C46E30-6304-4E4F-BAE7-94D7B0ACE264}"
EndProject
Project("{FAE04EC0-301F-11D3-BF4B-00C04F79EFBC}") = "Data.Application", "Services\Data\Data.Application\Data.Application.csproj", "{4446594F-F49B-4168-BE8D-44433032B8F4}"
EndProject
Project("{2150E333-8FDC-42A3-9474-1A3956D46DE8}") = "Events", "Events", "{C336B13F-CC14-4074-AFFD-D996D3A2BC16}"
EndProject
Project("{FAE04EC0-301F-11D3-BF4B-00C04F79EFBC}") = "Gateway.Host", "Services\Gateway\Gateway.Host\Gateway.Host.csproj", "{B0B85B3C-60E3-5A27-53F8-99423851C4B4}"
EndProject
Project("{FAE04EC0-301F-11D3-BF4B-00C04F79EFBC}") = "Contracts.Internal", "Contracts\Contracts.Internal\Contracts.Internal.csproj", "{1C92F920-E6B3-3830-AF14-F1CE87BB5132}"
EndProject
Project("{FAE04EC0-301F-11D3-BF4B-00C04F79EFBC}") = "Contracts.Public", "Contracts\Contracts.Public\Contracts.Public.csproj", "{ADD42B6A-891E-865D-11CB-382B305A8D2A}"
EndProject
Global
	GlobalSection(SolutionConfigurationPlatforms) = preSolution
		Debug|Any CPU = Debug|Any CPU
		Release|Any CPU = Release|Any CPU
	EndGlobalSection
	GlobalSection(ProjectConfigurationPlatforms) = postSolution
		{0DABE406-FB4F-4501-805D-2F8AC54B2865}.Debug|Any CPU.ActiveCfg = Debug|Any CPU
		{0DABE406-FB4F-4501-805D-2F8AC54B2865}.Debug|Any CPU.Build.0 = Debug|Any CPU
		{0DABE406-FB4F-4501-805D-2F8AC54B2865}.Release|Any CPU.ActiveCfg = Release|Any CPU
		{0DABE406-FB4F-4501-805D-2F8AC54B2865}.Release|Any CPU.Build.0 = Release|Any CPU
		{07A4157C-E383-4D9C-8D87-8480AEA0C064}.Debug|Any CPU.ActiveCfg = Debug|Any CPU
		{07A4157C-E383-4D9C-8D87-8480AEA0C064}.Debug|Any CPU.Build.0 = Debug|Any CPU
		{07A4157C-E383-4D9C-8D87-8480AEA0C064}.Release|Any CPU.ActiveCfg = Release|Any CPU
		{07A4157C-E383-4D9C-8D87-8480AEA0C064}.Release|Any CPU.Build.0 = Release|Any CPU
		{DBA9600F-A1AB-45EB-AF3C-18EBFEF55782}.Debug|Any CPU.ActiveCfg = Debug|Any CPU
		{DBA9600F-A1AB-45EB-AF3C-18EBFEF55782}.Debug|Any CPU.Build.0 = Debug|Any CPU
		{DBA9600F-A1AB-45EB-AF3C-18EBFEF55782}.Release|Any CPU.ActiveCfg = Release|Any CPU
		{DBA9600F-A1AB-45EB-AF3C-18EBFEF55782}.Release|Any CPU.Build.0 = Release|Any CPU
		{2823FA30-F385-4D06-AD6A-6DEE490F97AD}.Debug|Any CPU.ActiveCfg = Debug|Any CPU
		{2823FA30-F385-4D06-AD6A-6DEE490F97AD}.Debug|Any CPU.Build.0 = Debug|Any CPU
		{2823FA30-F385-4D06-AD6A-6DEE490F97AD}.Release|Any CPU.ActiveCfg = Release|Any CPU
		{2823FA30-F385-4D06-AD6A-6DEE490F97AD}.Release|Any CPU.Build.0 = Release|Any CPU
		{5F1F84CE-78FA-E604-FE90-CC94F8F6AA48}.Debug|Any CPU.ActiveCfg = Debug|Any CPU
		{5F1F84CE-78FA-E604-FE90-CC94F8F6AA48}.Release|Any CPU.ActiveCfg = Release|Any CPU
		{5F1F84CE-78FA-E604-FE90-CC94F8F6AA48}.Release|Any CPU.Build.0 = Release|Any CPU
		{5F1F84CE-78FA-E604-FE90-CC94F8F6AA48}.Release|Any CPU.Deploy.0 = Release|Any CPU
		{B50678E1-3783-46EF-86FE-0863A9299C88}.Debug|Any CPU.ActiveCfg = Debug|Any CPU
		{B50678E1-3783-46EF-86FE-0863A9299C88}.Debug|Any CPU.Build.0 = Debug|Any CPU
		{B50678E1-3783-46EF-86FE-0863A9299C88}.Release|Any CPU.ActiveCfg = Release|Any CPU
		{B50678E1-3783-46EF-86FE-0863A9299C88}.Release|Any CPU.Build.0 = Release|Any CPU
		{5D079631-76A8-4A06-9AD1-694A706DEA56}.Debug|Any CPU.ActiveCfg = Debug|Any CPU
		{5D079631-76A8-4A06-9AD1-694A706DEA56}.Debug|Any CPU.Build.0 = Debug|Any CPU
		{5D079631-76A8-4A06-9AD1-694A706DEA56}.Release|Any CPU.ActiveCfg = Release|Any CPU
		{5D079631-76A8-4A06-9AD1-694A706DEA56}.Release|Any CPU.Build.0 = Release|Any CPU
		{985FDE96-6C25-4927-8964-51A9FA2EC6EC}.Debug|Any CPU.ActiveCfg = Debug|Any CPU
		{985FDE96-6C25-4927-8964-51A9FA2EC6EC}.Debug|Any CPU.Build.0 = Debug|Any CPU
		{985FDE96-6C25-4927-8964-51A9FA2EC6EC}.Release|Any CPU.ActiveCfg = Release|Any CPU
		{985FDE96-6C25-4927-8964-51A9FA2EC6EC}.Release|Any CPU.Build.0 = Release|Any CPU
		{0B376075-7A89-4F7B-A892-FB94CD466E1C}.Debug|Any CPU.ActiveCfg = Debug|Any CPU
		{0B376075-7A89-4F7B-A892-FB94CD466E1C}.Debug|Any CPU.Build.0 = Debug|Any CPU
		{0B376075-7A89-4F7B-A892-FB94CD466E1C}.Release|Any CPU.ActiveCfg = Release|Any CPU
		{0B376075-7A89-4F7B-A892-FB94CD466E1C}.Release|Any CPU.Build.0 = Release|Any CPU
		{2A23965C-19C3-45E1-BBCE-1C7A04C9EB34}.Debug|Any CPU.ActiveCfg = Debug|Any CPU
		{2A23965C-19C3-45E1-BBCE-1C7A04C9EB34}.Debug|Any CPU.Build.0 = Debug|Any CPU
		{2A23965C-19C3-45E1-BBCE-1C7A04C9EB34}.Release|Any CPU.ActiveCfg = Release|Any CPU
		{2A23965C-19C3-45E1-BBCE-1C7A04C9EB34}.Release|Any CPU.Build.0 = Release|Any CPU
		{0005B136-29C8-454A-B02A-E3D326FB26D8}.Debug|Any CPU.ActiveCfg = Debug|Any CPU
		{0005B136-29C8-454A-B02A-E3D326FB26D8}.Debug|Any CPU.Build.0 = Debug|Any CPU
		{0005B136-29C8-454A-B02A-E3D326FB26D8}.Release|Any CPU.ActiveCfg = Release|Any CPU
		{0005B136-29C8-454A-B02A-E3D326FB26D8}.Release|Any CPU.Build.0 = Release|Any CPU
		{6FBD3F0E-142B-B151-D757-2A94352BD3F1}.Debug|Any CPU.ActiveCfg = Debug|Any CPU
		{6FBD3F0E-142B-B151-D757-2A94352BD3F1}.Debug|Any CPU.Build.0 = Debug|Any CPU
		{6FBD3F0E-142B-B151-D757-2A94352BD3F1}.Release|Any CPU.ActiveCfg = Release|Any CPU
		{6FBD3F0E-142B-B151-D757-2A94352BD3F1}.Release|Any CPU.Build.0 = Release|Any CPU
		{B659B7F5-252B-446E-960D-14A9683D3F23}.Debug|Any CPU.ActiveCfg = Debug|Any CPU
		{B659B7F5-252B-446E-960D-14A9683D3F23}.Debug|Any CPU.Build.0 = Debug|Any CPU
		{B659B7F5-252B-446E-960D-14A9683D3F23}.Release|Any CPU.ActiveCfg = Release|Any CPU
		{B659B7F5-252B-446E-960D-14A9683D3F23}.Release|Any CPU.Build.0 = Release|Any CPU
		{CE57F339-8DD4-4AA1-A62E-FB208962B283}.Debug|Any CPU.ActiveCfg = Debug|Any CPU
		{CE57F339-8DD4-4AA1-A62E-FB208962B283}.Debug|Any CPU.Build.0 = Debug|Any CPU
		{CE57F339-8DD4-4AA1-A62E-FB208962B283}.Release|Any CPU.ActiveCfg = Release|Any CPU
		{CE57F339-8DD4-4AA1-A62E-FB208962B283}.Release|Any CPU.Build.0 = Release|Any CPU
		{4CDF6B94-1530-4E96-B5A5-107037188C11}.Debug|Any CPU.ActiveCfg = Debug|Any CPU
		{4CDF6B94-1530-4E96-B5A5-107037188C11}.Debug|Any CPU.Build.0 = Debug|Any CPU
		{4CDF6B94-1530-4E96-B5A5-107037188C11}.Release|Any CPU.ActiveCfg = Release|Any CPU
		{4CDF6B94-1530-4E96-B5A5-107037188C11}.Release|Any CPU.Build.0 = Release|Any CPU
		{69C46E30-6304-4E4F-BAE7-94D7B0ACE264}.Debug|Any CPU.ActiveCfg = Debug|Any CPU
		{69C46E30-6304-4E4F-BAE7-94D7B0ACE264}.Debug|Any CPU.Build.0 = Debug|Any CPU
		{69C46E30-6304-4E4F-BAE7-94D7B0ACE264}.Release|Any CPU.ActiveCfg = Release|Any CPU
		{69C46E30-6304-4E4F-BAE7-94D7B0ACE264}.Release|Any CPU.Build.0 = Release|Any CPU
		{4446594F-F49B-4168-BE8D-44433032B8F4}.Debug|Any CPU.ActiveCfg = Debug|Any CPU
		{4446594F-F49B-4168-BE8D-44433032B8F4}.Debug|Any CPU.Build.0 = Debug|Any CPU
		{4446594F-F49B-4168-BE8D-44433032B8F4}.Release|Any CPU.ActiveCfg = Release|Any CPU
		{4446594F-F49B-4168-BE8D-44433032B8F4}.Release|Any CPU.Build.0 = Release|Any CPU
		{B0B85B3C-60E3-5A27-53F8-99423851C4B4}.Debug|Any CPU.ActiveCfg = Debug|Any CPU
		{B0B85B3C-60E3-5A27-53F8-99423851C4B4}.Debug|Any CPU.Build.0 = Debug|Any CPU
		{B0B85B3C-60E3-5A27-53F8-99423851C4B4}.Release|Any CPU.ActiveCfg = Release|Any CPU
		{B0B85B3C-60E3-5A27-53F8-99423851C4B4}.Release|Any CPU.Build.0 = Release|Any CPU
		{1C92F920-E6B3-3830-AF14-F1CE87BB5132}.Debug|Any CPU.ActiveCfg = Debug|Any CPU
		{1C92F920-E6B3-3830-AF14-F1CE87BB5132}.Debug|Any CPU.Build.0 = Debug|Any CPU
		{1C92F920-E6B3-3830-AF14-F1CE87BB5132}.Release|Any CPU.ActiveCfg = Release|Any CPU
		{1C92F920-E6B3-3830-AF14-F1CE87BB5132}.Release|Any CPU.Build.0 = Release|Any CPU
		{ADD42B6A-891E-865D-11CB-382B305A8D2A}.Debug|Any CPU.ActiveCfg = Debug|Any CPU
		{ADD42B6A-891E-865D-11CB-382B305A8D2A}.Debug|Any CPU.Build.0 = Debug|Any CPU
		{ADD42B6A-891E-865D-11CB-382B305A8D2A}.Release|Any CPU.ActiveCfg = Release|Any CPU
		{ADD42B6A-891E-865D-11CB-382B305A8D2A}.Release|Any CPU.Build.0 = Release|Any CPU
	EndGlobalSection
	GlobalSection(SolutionProperties) = preSolution
		HideSolutionNode = FALSE
	EndGlobalSection
	GlobalSection(NestedProjects) = preSolution
		{0DABE406-FB4F-4501-805D-2F8AC54B2865} = {77B64EB2-60C3-4E1F-8F55-4DC8CB4A4E1B}
		{DD75365A-EF28-4160-9FE4-4EC5AE61306A} = {1BB06F86-AA1C-4B26-A3C2-1974CCEEFCE1}
		{07A4157C-E383-4D9C-8D87-8480AEA0C064} = {36D591C7-65C7-A0D1-1CBC-10CDE441BDC8}
		{DBA9600F-A1AB-45EB-AF3C-18EBFEF55782} = {FAB5F32E-C2AF-416E-BA14-A5FA3C6C35C3}
		{2823FA30-F385-4D06-AD6A-6DEE490F97AD} = {C336B13F-CC14-4074-AFFD-D996D3A2BC16}
		{E468E7B0-7721-43D3-B329-84DCFF55BFB1} = {CD18AFC1-8965-42AC-8CAA-AB89AB44A8EC}
		{5F1F84CE-78FA-E604-FE90-CC94F8F6AA48} = {2C23DD98-44C5-4BCC-B3A8-FEDE3B5913FC}
		{8E3195C3-FEA3-41D0-8284-76D1C92B222D} = {CD18AFC1-8965-42AC-8CAA-AB89AB44A8EC}
		{B50678E1-3783-46EF-86FE-0863A9299C88} = {8E3195C3-FEA3-41D0-8284-76D1C92B222D}
		{5D079631-76A8-4A06-9AD1-694A706DEA56} = {8E3195C3-FEA3-41D0-8284-76D1C92B222D}
		{985FDE96-6C25-4927-8964-51A9FA2EC6EC} = {8922C7C1-292F-419D-AB6D-8EA2334DA3EE}
		{0B376075-7A89-4F7B-A892-FB94CD466E1C} = {8922C7C1-292F-419D-AB6D-8EA2334DA3EE}
		{2A23965C-19C3-45E1-BBCE-1C7A04C9EB34} = {8922C7C1-292F-419D-AB6D-8EA2334DA3EE}
		{0005B136-29C8-454A-B02A-E3D326FB26D8} = {8922C7C1-292F-419D-AB6D-8EA2334DA3EE}
		{6FBD3F0E-142B-B151-D757-2A94352BD3F1} = {8E3195C3-FEA3-41D0-8284-76D1C92B222D}
		{B659B7F5-252B-446E-960D-14A9683D3F23} = {8E3195C3-FEA3-41D0-8284-76D1C92B222D}
		{FAB5F32E-C2AF-416E-BA14-A5FA3C6C35C3} = {CD18AFC1-8965-42AC-8CAA-AB89AB44A8EC}
		{CE57F339-8DD4-4AA1-A62E-FB208962B283} = {FAB5F32E-C2AF-416E-BA14-A5FA3C6C35C3}
		{69C46E30-6304-4E4F-BAE7-94D7B0ACE264} = {FAB5F32E-C2AF-416E-BA14-A5FA3C6C35C3}
		{4446594F-F49B-4168-BE8D-44433032B8F4} = {FAB5F32E-C2AF-416E-BA14-A5FA3C6C35C3}
		{C336B13F-CC14-4074-AFFD-D996D3A2BC16} = {CD18AFC1-8965-42AC-8CAA-AB89AB44A8EC}
		{B0B85B3C-60E3-5A27-53F8-99423851C4B4} = {E468E7B0-7721-43D3-B329-84DCFF55BFB1}
		{1C92F920-E6B3-3830-AF14-F1CE87BB5132} = {F0115F19-D9F7-49D4-B4F1-6B004F680C24}
		{ADD42B6A-891E-865D-11CB-382B305A8D2A} = {F0115F19-D9F7-49D4-B4F1-6B004F680C24}
	EndGlobalSection
	GlobalSection(ExtensibilityGlobals) = postSolution
		SolutionGuid = {9312F473-2225-4A14-88C3-2EF8A95D1FAF}
	EndGlobalSection
EndGlobal
