
Microsoft Visual Studio Solution File, Format Version 12.00
# Visual Studio Version 17
VisualStudioVersion = 17.4.33213.308
MinimumVisualStudioVersion = 10.0.40219.1
Project("{FAE04EC0-301F-11D3-BF4B-00C04F79EFBC}") = "Datalake", "Datalake\Datalake\Datalake.csproj", "{79524D3B-7A2D-427C-98D3-FF972D3EABBF}"
EndProject
Project("{54A90642-561A-4BB1-A94E-469ADEE60C69}") = "datalakeclient", "Datalake\DatalakeClient\datalakeclient.esproj", "{BA012892-CFBB-4210-B551-6A42611BD14C}"
EndProject
Project("{2150E333-8FDC-42A3-9474-1A3956D46DE8}") = "Datalake", "Datalake", "{192A15CD-4E96-466B-95F6-E70AEAC39259}"
EndProject
Global
	GlobalSection(SolutionConfigurationPlatforms) = preSolution
		Debug|Any CPU = Debug|Any CPU
		Local|Any CPU = Local|Any CPU
		Release|Any CPU = Release|Any CPU
	EndGlobalSection
	GlobalSection(ProjectConfigurationPlatforms) = postSolution
		{79524D3B-7A2D-427C-98D3-FF972D3EABBF}.Debug|Any CPU.ActiveCfg = Debug|Any CPU
		{79524D3B-7A2D-427C-98D3-FF972D3EABBF}.Debug|Any CPU.Build.0 = Debug|Any CPU
		{79524D3B-7A2D-427C-98D3-FF972D3EABBF}.Local|Any CPU.ActiveCfg = Release|Any CPU
		{79524D3B-7A2D-427C-98D3-FF972D3EABBF}.Local|Any CPU.Build.0 = Release|Any CPU
		{79524D3B-7A2D-427C-98D3-FF972D3EABBF}.Release|Any CPU.ActiveCfg = Release|Any CPU
		{79524D3B-7A2D-427C-98D3-FF972D3EABBF}.Release|Any CPU.Build.0 = Release|Any CPU
		{BA012892-CFBB-4210-B551-6A42611BD14C}.Debug|Any CPU.ActiveCfg = Debug|Any CPU
		{BA012892-CFBB-4210-B551-6A42611BD14C}.Debug|Any CPU.Build.0 = Debug|Any CPU
		{BA012892-CFBB-4210-B551-6A42611BD14C}.Debug|Any CPU.Deploy.0 = Debug|Any CPU
		{BA012892-CFBB-4210-B551-6A42611BD14C}.Local|Any CPU.ActiveCfg = Release|Any CPU
		{BA012892-CFBB-4210-B551-6A42611BD14C}.Local|Any CPU.Build.0 = Release|Any CPU
		{BA012892-CFBB-4210-B551-6A42611BD14C}.Local|Any CPU.Deploy.0 = Release|Any CPU
		{BA012892-CFBB-4210-B551-6A42611BD14C}.Release|Any CPU.ActiveCfg = Release|Any CPU
		{BA012892-CFBB-4210-B551-6A42611BD14C}.Release|Any CPU.Build.0 = Release|Any CPU
		{BA012892-CFBB-4210-B551-6A42611BD14C}.Release|Any CPU.Deploy.0 = Release|Any CPU
	EndGlobalSection
	GlobalSection(SolutionProperties) = preSolution
		HideSolutionNode = FALSE
	EndGlobalSection
	GlobalSection(NestedProjects) = preSolution
		{79524D3B-7A2D-427C-98D3-FF972D3EABBF} = {192A15CD-4E96-466B-95F6-E70AEAC39259}
		{BA012892-CFBB-4210-B551-6A42611BD14C} = {192A15CD-4E96-466B-95F6-E70AEAC39259}
	EndGlobalSection
	GlobalSection(ExtensibilityGlobals) = postSolution
		SolutionGuid = {C0EA1C33-38D2-4707-81C3-B73ECDB3ABB3}
	EndGlobalSection
EndGlobal
