
Microsoft Visual Studio Solution File, Format Version 12.00
# Visual Studio Version 16
VisualStudioVersion = 16.0.29209.62
MinimumVisualStudioVersion = 10.0.40219.1
Project("{FAE04EC0-301F-11D3-BF4B-00C04F79EFBC}") = "iNOPC_Server", "iNOPC_Server\iNOPC_Server.csproj", "{01FD46C0-4CD5-4573-BE2F-6BD84E88892A}"
EndProject
Project("{FAE04EC0-301F-11D3-BF4B-00C04F79EFBC}") = "iNOPC_Library", "iNOPC_Library\iNOPC_Library.csproj", "{8676C42D-6751-4A67-BC23-00484BBD60CB}"
EndProject
Project("{2150E333-8FDC-42A3-9474-1A3956D46DE8}") = "Drivers", "Drivers", "{824C3B9C-C897-4A5A-92B0-0433E143D67F}"
EndProject
Project("{FAE04EC0-301F-11D3-BF4B-00C04F79EFBC}") = "APC", "Drivers\APC_UPS\APC.csproj", "{A6FA8A77-9906-427B-A261-26843DD4C66D}"
EndProject
Project("{FAE04EC0-301F-11D3-BF4B-00C04F79EFBC}") = "ECOM_3000", "Drivers\ECOM_3000\ECOM_3000.csproj", "{04FDEB0E-2411-4AA8-9CBF-86A244AEC43E}"
EndProject
Project("{FAE04EC0-301F-11D3-BF4B-00C04F79EFBC}") = "INELT", "Drivers\INELT\INELT.csproj", "{6046094B-C212-4295-BA85-03772D24AF90}"
EndProject
Project("{FAE04EC0-301F-11D3-BF4B-00C04F79EFBC}") = "MARK_602", "Drivers\MARK_602\MARK_602.csproj", "{6875FA21-28DC-4DF5-BE2C-552D558FBC5C}"
EndProject
Project("{FAE04EC0-301F-11D3-BF4B-00C04F79EFBC}") = "MARK_902", "Drivers\MARK_902\MARK_902.csproj", "{1C08A5BB-A443-4BD0-9882-C68E1C077627}"
EndProject
Project("{FAE04EC0-301F-11D3-BF4B-00C04F79EFBC}") = "METRAN_900", "Drivers\METRAN_900\METRAN_900.csproj", "{76484B25-6C01-4FEF-90BF-DC3974EFBC46}"
EndProject
Project("{FAE04EC0-301F-11D3-BF4B-00C04F79EFBC}") = "SOSNA_002", "Drivers\SOSNA_002\SOSNA_002.csproj", "{62BC7A44-2EEC-4E97-9C90-37687D7FAC94}"
EndProject
Project("{FAE04EC0-301F-11D3-BF4B-00C04F79EFBC}") = "MODBUS_RTU", "Drivers\MODBUS_RTU\MODBUS_RTU.csproj", "{E1D4A171-0916-40DC-9D49-305EEB49C081}"
EndProject
Project("{FAE04EC0-301F-11D3-BF4B-00C04F79EFBC}") = "MODBUS_TCP", "Drivers\MODBUS_TCP\MODBUS_TCP.csproj", "{2C3616C1-0C72-4913-B655-B44968C5085D}"
EndProject
Project("{FAE04EC0-301F-11D3-BF4B-00C04F79EFBC}") = "ISTOK", "Drivers\ISTOK\ISTOK.csproj", "{CDDAE29E-B564-415B-9007-ADE7B96C7696}"
EndProject
Project("{FAE04EC0-301F-11D3-BF4B-00C04F79EFBC}") = "MR_NETWORK", "Drivers\MR_NETWORK\MR_NETWORK.csproj", "{991399F2-5D41-47F7-A5E1-D9EFD156C2D5}"
EndProject
Project("{FAE04EC0-301F-11D3-BF4B-00C04F79EFBC}") = "ENERGOMERA_CE303", "Drivers\ENERGOMERA_CE303\ENERGOMERA_CE303.csproj", "{680B7D25-1009-49ED-856F-83B490F554BF}"
EndProject
Project("{FAE04EC0-301F-11D3-BF4B-00C04F79EFBC}") = "IEC_104", "Drivers\IEC_104\IEC_104.csproj", "{E7290E24-0DC6-441B-B8D8-17515599852D}"
EndProject
Project("{2150E333-8FDC-42A3-9474-1A3956D46DE8}") = "Test", "Test", "{196B0030-3CB3-479B-8599-ACE3E707EB37}"
EndProject
Project("{FAE04EC0-301F-11D3-BF4B-00C04F79EFBC}") = "TestDriver", "Test\TestDriver\TestDriver.csproj", "{2CE7BA1F-B54F-454A-92C1-31FE035D571C}"
EndProject
Project("{FAE04EC0-301F-11D3-BF4B-00C04F79EFBC}") = "MR_TEST", "Test\MR_TEST\MR_TEST.csproj", "{32CA5041-C76B-4F50-82B9-917492406494}"
EndProject
Project("{FAE04EC0-301F-11D3-BF4B-00C04F79EFBC}") = "IstokOld", "Test\IstokOld\IstokOld.csproj", "{7B5FAE3F-6FE6-446A-BF3D-2A3256FA422E}"
EndProject
Global
	GlobalSection(SolutionConfigurationPlatforms) = preSolution
		Debug|Any CPU = Debug|Any CPU
		Release|Any CPU = Release|Any CPU
	EndGlobalSection
	GlobalSection(ProjectConfigurationPlatforms) = postSolution
		{01FD46C0-4CD5-4573-BE2F-6BD84E88892A}.Debug|Any CPU.ActiveCfg = Debug|Any CPU
		{01FD46C0-4CD5-4573-BE2F-6BD84E88892A}.Debug|Any CPU.Build.0 = Debug|Any CPU
		{01FD46C0-4CD5-4573-BE2F-6BD84E88892A}.Release|Any CPU.ActiveCfg = Release|Any CPU
		{01FD46C0-4CD5-4573-BE2F-6BD84E88892A}.Release|Any CPU.Build.0 = Release|Any CPU
		{8676C42D-6751-4A67-BC23-00484BBD60CB}.Debug|Any CPU.ActiveCfg = Debug|Any CPU
		{8676C42D-6751-4A67-BC23-00484BBD60CB}.Debug|Any CPU.Build.0 = Debug|Any CPU
		{8676C42D-6751-4A67-BC23-00484BBD60CB}.Release|Any CPU.ActiveCfg = Release|Any CPU
		{8676C42D-6751-4A67-BC23-00484BBD60CB}.Release|Any CPU.Build.0 = Release|Any CPU
		{A6FA8A77-9906-427B-A261-26843DD4C66D}.Debug|Any CPU.ActiveCfg = Debug|Any CPU
		{A6FA8A77-9906-427B-A261-26843DD4C66D}.Debug|Any CPU.Build.0 = Debug|Any CPU
		{A6FA8A77-9906-427B-A261-26843DD4C66D}.Release|Any CPU.ActiveCfg = Release|Any CPU
		{A6FA8A77-9906-427B-A261-26843DD4C66D}.Release|Any CPU.Build.0 = Release|Any CPU
		{04FDEB0E-2411-4AA8-9CBF-86A244AEC43E}.Debug|Any CPU.ActiveCfg = Debug|Any CPU
		{04FDEB0E-2411-4AA8-9CBF-86A244AEC43E}.Debug|Any CPU.Build.0 = Debug|Any CPU
		{04FDEB0E-2411-4AA8-9CBF-86A244AEC43E}.Release|Any CPU.ActiveCfg = Release|Any CPU
		{04FDEB0E-2411-4AA8-9CBF-86A244AEC43E}.Release|Any CPU.Build.0 = Release|Any CPU
		{6046094B-C212-4295-BA85-03772D24AF90}.Debug|Any CPU.ActiveCfg = Debug|Any CPU
		{6046094B-C212-4295-BA85-03772D24AF90}.Debug|Any CPU.Build.0 = Debug|Any CPU
		{6046094B-C212-4295-BA85-03772D24AF90}.Release|Any CPU.ActiveCfg = Release|Any CPU
		{6046094B-C212-4295-BA85-03772D24AF90}.Release|Any CPU.Build.0 = Release|Any CPU
		{6875FA21-28DC-4DF5-BE2C-552D558FBC5C}.Debug|Any CPU.ActiveCfg = Debug|Any CPU
		{6875FA21-28DC-4DF5-BE2C-552D558FBC5C}.Debug|Any CPU.Build.0 = Debug|Any CPU
		{6875FA21-28DC-4DF5-BE2C-552D558FBC5C}.Release|Any CPU.ActiveCfg = Release|Any CPU
		{6875FA21-28DC-4DF5-BE2C-552D558FBC5C}.Release|Any CPU.Build.0 = Release|Any CPU
		{1C08A5BB-A443-4BD0-9882-C68E1C077627}.Debug|Any CPU.ActiveCfg = Debug|Any CPU
		{1C08A5BB-A443-4BD0-9882-C68E1C077627}.Debug|Any CPU.Build.0 = Debug|Any CPU
		{1C08A5BB-A443-4BD0-9882-C68E1C077627}.Release|Any CPU.ActiveCfg = Release|Any CPU
		{1C08A5BB-A443-4BD0-9882-C68E1C077627}.Release|Any CPU.Build.0 = Release|Any CPU
		{76484B25-6C01-4FEF-90BF-DC3974EFBC46}.Debug|Any CPU.ActiveCfg = Debug|Any CPU
		{76484B25-6C01-4FEF-90BF-DC3974EFBC46}.Debug|Any CPU.Build.0 = Debug|Any CPU
		{76484B25-6C01-4FEF-90BF-DC3974EFBC46}.Release|Any CPU.ActiveCfg = Release|Any CPU
		{76484B25-6C01-4FEF-90BF-DC3974EFBC46}.Release|Any CPU.Build.0 = Release|Any CPU
		{62BC7A44-2EEC-4E97-9C90-37687D7FAC94}.Debug|Any CPU.ActiveCfg = Debug|Any CPU
		{62BC7A44-2EEC-4E97-9C90-37687D7FAC94}.Debug|Any CPU.Build.0 = Debug|Any CPU
		{62BC7A44-2EEC-4E97-9C90-37687D7FAC94}.Release|Any CPU.ActiveCfg = Release|Any CPU
		{62BC7A44-2EEC-4E97-9C90-37687D7FAC94}.Release|Any CPU.Build.0 = Release|Any CPU
		{E1D4A171-0916-40DC-9D49-305EEB49C081}.Debug|Any CPU.ActiveCfg = Debug|Any CPU
		{E1D4A171-0916-40DC-9D49-305EEB49C081}.Debug|Any CPU.Build.0 = Debug|Any CPU
		{E1D4A171-0916-40DC-9D49-305EEB49C081}.Release|Any CPU.ActiveCfg = Release|Any CPU
		{E1D4A171-0916-40DC-9D49-305EEB49C081}.Release|Any CPU.Build.0 = Release|Any CPU
		{2C3616C1-0C72-4913-B655-B44968C5085D}.Debug|Any CPU.ActiveCfg = Debug|Any CPU
		{2C3616C1-0C72-4913-B655-B44968C5085D}.Debug|Any CPU.Build.0 = Debug|Any CPU
		{2C3616C1-0C72-4913-B655-B44968C5085D}.Release|Any CPU.ActiveCfg = Release|Any CPU
		{2C3616C1-0C72-4913-B655-B44968C5085D}.Release|Any CPU.Build.0 = Release|Any CPU
		{CDDAE29E-B564-415B-9007-ADE7B96C7696}.Debug|Any CPU.ActiveCfg = Debug|Any CPU
		{CDDAE29E-B564-415B-9007-ADE7B96C7696}.Debug|Any CPU.Build.0 = Debug|Any CPU
		{CDDAE29E-B564-415B-9007-ADE7B96C7696}.Release|Any CPU.ActiveCfg = Release|Any CPU
		{CDDAE29E-B564-415B-9007-ADE7B96C7696}.Release|Any CPU.Build.0 = Release|Any CPU
		{991399F2-5D41-47F7-A5E1-D9EFD156C2D5}.Debug|Any CPU.ActiveCfg = Debug|Any CPU
		{991399F2-5D41-47F7-A5E1-D9EFD156C2D5}.Debug|Any CPU.Build.0 = Debug|Any CPU
		{991399F2-5D41-47F7-A5E1-D9EFD156C2D5}.Release|Any CPU.ActiveCfg = Release|Any CPU
		{991399F2-5D41-47F7-A5E1-D9EFD156C2D5}.Release|Any CPU.Build.0 = Release|Any CPU
		{680B7D25-1009-49ED-856F-83B490F554BF}.Debug|Any CPU.ActiveCfg = Debug|Any CPU
		{680B7D25-1009-49ED-856F-83B490F554BF}.Debug|Any CPU.Build.0 = Debug|Any CPU
		{680B7D25-1009-49ED-856F-83B490F554BF}.Release|Any CPU.ActiveCfg = Release|Any CPU
		{680B7D25-1009-49ED-856F-83B490F554BF}.Release|Any CPU.Build.0 = Release|Any CPU
		{E7290E24-0DC6-441B-B8D8-17515599852D}.Debug|Any CPU.ActiveCfg = Debug|Any CPU
		{E7290E24-0DC6-441B-B8D8-17515599852D}.Debug|Any CPU.Build.0 = Debug|Any CPU
		{E7290E24-0DC6-441B-B8D8-17515599852D}.Release|Any CPU.ActiveCfg = Release|Any CPU
		{E7290E24-0DC6-441B-B8D8-17515599852D}.Release|Any CPU.Build.0 = Release|Any CPU
		{2CE7BA1F-B54F-454A-92C1-31FE035D571C}.Debug|Any CPU.ActiveCfg = Debug|Any CPU
		{2CE7BA1F-B54F-454A-92C1-31FE035D571C}.Debug|Any CPU.Build.0 = Debug|Any CPU
		{2CE7BA1F-B54F-454A-92C1-31FE035D571C}.Release|Any CPU.ActiveCfg = Release|Any CPU
		{2CE7BA1F-B54F-454A-92C1-31FE035D571C}.Release|Any CPU.Build.0 = Release|Any CPU
		{32CA5041-C76B-4F50-82B9-917492406494}.Debug|Any CPU.ActiveCfg = Debug|Any CPU
		{32CA5041-C76B-4F50-82B9-917492406494}.Debug|Any CPU.Build.0 = Debug|Any CPU
		{32CA5041-C76B-4F50-82B9-917492406494}.Release|Any CPU.ActiveCfg = Release|Any CPU
		{32CA5041-C76B-4F50-82B9-917492406494}.Release|Any CPU.Build.0 = Release|Any CPU
		{7B5FAE3F-6FE6-446A-BF3D-2A3256FA422E}.Debug|Any CPU.ActiveCfg = Debug|Any CPU
		{7B5FAE3F-6FE6-446A-BF3D-2A3256FA422E}.Debug|Any CPU.Build.0 = Debug|Any CPU
		{7B5FAE3F-6FE6-446A-BF3D-2A3256FA422E}.Release|Any CPU.ActiveCfg = Release|Any CPU
		{7B5FAE3F-6FE6-446A-BF3D-2A3256FA422E}.Release|Any CPU.Build.0 = Release|Any CPU
	EndGlobalSection
	GlobalSection(SolutionProperties) = preSolution
		HideSolutionNode = FALSE
	EndGlobalSection
	GlobalSection(NestedProjects) = preSolution
		{A6FA8A77-9906-427B-A261-26843DD4C66D} = {824C3B9C-C897-4A5A-92B0-0433E143D67F}
		{04FDEB0E-2411-4AA8-9CBF-86A244AEC43E} = {824C3B9C-C897-4A5A-92B0-0433E143D67F}
		{6046094B-C212-4295-BA85-03772D24AF90} = {824C3B9C-C897-4A5A-92B0-0433E143D67F}
		{6875FA21-28DC-4DF5-BE2C-552D558FBC5C} = {824C3B9C-C897-4A5A-92B0-0433E143D67F}
		{1C08A5BB-A443-4BD0-9882-C68E1C077627} = {824C3B9C-C897-4A5A-92B0-0433E143D67F}
		{76484B25-6C01-4FEF-90BF-DC3974EFBC46} = {824C3B9C-C897-4A5A-92B0-0433E143D67F}
		{62BC7A44-2EEC-4E97-9C90-37687D7FAC94} = {824C3B9C-C897-4A5A-92B0-0433E143D67F}
		{E1D4A171-0916-40DC-9D49-305EEB49C081} = {824C3B9C-C897-4A5A-92B0-0433E143D67F}
		{2C3616C1-0C72-4913-B655-B44968C5085D} = {824C3B9C-C897-4A5A-92B0-0433E143D67F}
		{CDDAE29E-B564-415B-9007-ADE7B96C7696} = {824C3B9C-C897-4A5A-92B0-0433E143D67F}
		{991399F2-5D41-47F7-A5E1-D9EFD156C2D5} = {824C3B9C-C897-4A5A-92B0-0433E143D67F}
		{680B7D25-1009-49ED-856F-83B490F554BF} = {824C3B9C-C897-4A5A-92B0-0433E143D67F}
		{E7290E24-0DC6-441B-B8D8-17515599852D} = {824C3B9C-C897-4A5A-92B0-0433E143D67F}
		{2CE7BA1F-B54F-454A-92C1-31FE035D571C} = {196B0030-3CB3-479B-8599-ACE3E707EB37}
		{32CA5041-C76B-4F50-82B9-917492406494} = {196B0030-3CB3-479B-8599-ACE3E707EB37}
		{7B5FAE3F-6FE6-446A-BF3D-2A3256FA422E} = {196B0030-3CB3-479B-8599-ACE3E707EB37}
	EndGlobalSection
	GlobalSection(ExtensibilityGlobals) = postSolution
		SolutionGuid = {C0EA1C33-38D2-4707-81C3-B73ECDB3ABB3}
	EndGlobalSection
EndGlobal
